
Microsoft Visual Studio Solution File, Format Version 12.00
# Visual Studio 15
VisualStudioVersion = 15.0.27703.2042
MinimumVisualStudioVersion = 10.0.40219.1
Project("{8BC9CEB8-8B4A-11D0-8D11-00A0C91BC942}") = "lesson7", "lesson7.vcxproj", "{8CD8C8A8-C792-45EE-B18B-0E97DC90F39B}"
EndProject
Global
	GlobalSection(SolutionConfigurationPlatforms) = preSolution
		Debug|x64 = Debug|x64
		Debug|x86 = Debug|x86
		Release|x64 = Release|x64
		Release|x86 = Release|x86
	EndGlobalSection
	GlobalSection(ProjectConfigurationPlatforms) = postSolution
		{8CD8C8A8-C792-45EE-B18B-0E97DC90F39B}.Debug|x64.ActiveCfg = Debug|x64
		{8CD8C8A8-C792-45EE-B18B-0E97DC90F39B}.Debug|x64.Build.0 = Debug|x64
		{8CD8C8A8-C792-45EE-B18B-0E97DC90F39B}.Debug|x86.ActiveCfg = Debug|Win32
		{8CD8C8A8-C792-45EE-B18B-0E97DC90F39B}.Debug|x86.Build.0 = Debug|Win32
		{8CD8C8A8-C792-45EE-B18B-0E97DC90F39B}.Release|x64.ActiveCfg = Release|x64
		{8CD8C8A8-C792-45EE-B18B-0E97DC90F39B}.Release|x64.Build.0 = Release|x64
		{8CD8C8A8-C792-45EE-B18B-0E97DC90F39B}.Release|x86.ActiveCfg = Release|Win32
		{8CD8C8A8-C792-45EE-B18B-0E97DC90F39B}.Release|x86.Build.0 = Release|Win32
	EndGlobalSection
	GlobalSection(SolutionProperties) = preSolution
		HideSolutionNode = FALSE
	EndGlobalSection
	GlobalSection(ExtensibilityGlobals) = postSolution
		SolutionGuid = {2202DF46-522A-4548-AFF8-E70668D93EB5}
	EndGlobalSection
EndGlobal
